
Microsoft Visual Studio Solution File, Format Version 11.00
# Visual Studio 2010
Project("{8BC9CEB8-8B4A-11D0-8D11-00A0C91BC942}") = "lab1", "lab1\lab1.vcxproj", "{82E2EF17-5FE2-471D-B38D-1588AA8BE7C2}"
EndProject
Project("{8BC9CEB8-8B4A-11D0-8D11-00A0C91BC942}") = "lab2", "lab2\lab2.vcxproj", "{D8DB7FF9-6AE6-4399-B973-3230BF42B4B8}"
EndProject
Project("{8BC9CEB8-8B4A-11D0-8D11-00A0C91BC942}") = "cryptoanalyze", "cryptoanalyze\cryptoanalyze.vcxproj", "{0E5D4640-6700-4C28-86F5-D1653C88BF8A}"
EndProject
Project("{8BC9CEB8-8B4A-11D0-8D11-00A0C91BC942}") = "lab4", "lab4\lab4.vcxproj", "{7C3B2ED4-6B92-492E-B436-E71B63F8D80D}"
EndProject
Project("{8BC9CEB8-8B4A-11D0-8D11-00A0C91BC942}") = "lab5", "lab5\lab5.vcxproj", "{47DED7B5-9501-48C0-A5A1-300CF4CFD5A6}"
EndProject
Project("{8BC9CEB8-8B4A-11D0-8D11-00A0C91BC942}") = "lab3", "lab3\lab3.vcxproj", "{9219B917-6A23-4A32-8E12-5921CEC088C0}"
EndProject
Project("{8BC9CEB8-8B4A-11D0-8D11-00A0C91BC942}") = "lab6", "lab6\lab6.vcxproj", "{9CDAECE0-96B6-43E9-9BCF-12B1820274A8}"
EndProject
Project("{8BC9CEB8-8B4A-11D0-8D11-00A0C91BC942}") = "lab7", "lab7\lab7.vcxproj", "{27AAF1C6-9B7E-4600-8A2A-2CBFC61AE790}"
EndProject
Global
	GlobalSection(SolutionConfigurationPlatforms) = preSolution
		Debug|Win32 = Debug|Win32
		Release|Win32 = Release|Win32
	EndGlobalSection
	GlobalSection(ProjectConfigurationPlatforms) = postSolution
		{82E2EF17-5FE2-471D-B38D-1588AA8BE7C2}.Debug|Win32.ActiveCfg = Debug|Win32
		{82E2EF17-5FE2-471D-B38D-1588AA8BE7C2}.Debug|Win32.Build.0 = Debug|Win32
		{82E2EF17-5FE2-471D-B38D-1588AA8BE7C2}.Release|Win32.ActiveCfg = Release|Win32
		{82E2EF17-5FE2-471D-B38D-1588AA8BE7C2}.Release|Win32.Build.0 = Release|Win32
		{D8DB7FF9-6AE6-4399-B973-3230BF42B4B8}.Debug|Win32.ActiveCfg = Debug|Win32
		{D8DB7FF9-6AE6-4399-B973-3230BF42B4B8}.Debug|Win32.Build.0 = Debug|Win32
		{D8DB7FF9-6AE6-4399-B973-3230BF42B4B8}.Release|Win32.ActiveCfg = Release|Win32
		{D8DB7FF9-6AE6-4399-B973-3230BF42B4B8}.Release|Win32.Build.0 = Release|Win32
		{0E5D4640-6700-4C28-86F5-D1653C88BF8A}.Debug|Win32.ActiveCfg = Debug|Win32
		{0E5D4640-6700-4C28-86F5-D1653C88BF8A}.Debug|Win32.Build.0 = Debug|Win32
		{0E5D4640-6700-4C28-86F5-D1653C88BF8A}.Release|Win32.ActiveCfg = Release|Win32
		{0E5D4640-6700-4C28-86F5-D1653C88BF8A}.Release|Win32.Build.0 = Release|Win32
		{7C3B2ED4-6B92-492E-B436-E71B63F8D80D}.Debug|Win32.ActiveCfg = Debug|Win32
		{7C3B2ED4-6B92-492E-B436-E71B63F8D80D}.Debug|Win32.Build.0 = Debug|Win32
		{7C3B2ED4-6B92-492E-B436-E71B63F8D80D}.Release|Win32.ActiveCfg = Release|Win32
		{7C3B2ED4-6B92-492E-B436-E71B63F8D80D}.Release|Win32.Build.0 = Release|Win32
		{47DED7B5-9501-48C0-A5A1-300CF4CFD5A6}.Debug|Win32.ActiveCfg = Debug|Win32
		{47DED7B5-9501-48C0-A5A1-300CF4CFD5A6}.Debug|Win32.Build.0 = Debug|Win32
		{47DED7B5-9501-48C0-A5A1-300CF4CFD5A6}.Release|Win32.ActiveCfg = Release|Win32
		{47DED7B5-9501-48C0-A5A1-300CF4CFD5A6}.Release|Win32.Build.0 = Release|Win32
		{9219B917-6A23-4A32-8E12-5921CEC088C0}.Debug|Win32.ActiveCfg = Debug|Win32
		{9219B917-6A23-4A32-8E12-5921CEC088C0}.Debug|Win32.Build.0 = Debug|Win32
		{9219B917-6A23-4A32-8E12-5921CEC088C0}.Release|Win32.ActiveCfg = Release|Win32
		{9219B917-6A23-4A32-8E12-5921CEC088C0}.Release|Win32.Build.0 = Release|Win32
		{9CDAECE0-96B6-43E9-9BCF-12B1820274A8}.Debug|Win32.ActiveCfg = Debug|Win32
		{9CDAECE0-96B6-43E9-9BCF-12B1820274A8}.Debug|Win32.Build.0 = Debug|Win32
		{9CDAECE0-96B6-43E9-9BCF-12B1820274A8}.Release|Win32.ActiveCfg = Release|Win32
		{9CDAECE0-96B6-43E9-9BCF-12B1820274A8}.Release|Win32.Build.0 = Release|Win32
		{27AAF1C6-9B7E-4600-8A2A-2CBFC61AE790}.Debug|Win32.ActiveCfg = Debug|Win32
		{27AAF1C6-9B7E-4600-8A2A-2CBFC61AE790}.Debug|Win32.Build.0 = Debug|Win32
		{27AAF1C6-9B7E-4600-8A2A-2CBFC61AE790}.Release|Win32.ActiveCfg = Release|Win32
		{27AAF1C6-9B7E-4600-8A2A-2CBFC61AE790}.Release|Win32.Build.0 = Release|Win32
	EndGlobalSection
	GlobalSection(SolutionProperties) = preSolution
		HideSolutionNode = FALSE
	EndGlobalSection
EndGlobal
